
Microsoft Visual Studio Solution File, Format Version 12.00
# Visual Studio Version 17
VisualStudioVersion = 17.0.31919.166
MinimumVisualStudioVersion = 10.0.40219.1
Project("{9A19103F-16F7-4668-BE54-9A1E7A4F7556}") = "AutoHub.API", "AutoHub.API\AutoHub.API.csproj", "{713919A6-4AB2-4DA3-9E0F-99FBF8710174}"
EndProject
Project("{9A19103F-16F7-4668-BE54-9A1E7A4F7556}") = "AutoHub.Tests", "AutoHub.Tests\AutoHub.Tests.csproj", "{ADB87CF6-EDE2-4C66-A710-25DED6D0F290}"
EndProject
Project("{9A19103F-16F7-4668-BE54-9A1E7A4F7556}") = "AutoHub.Domain", "AutoHub.Domain\AutoHub.Domain.csproj", "{66EE80BC-F226-435D-B35E-EA225A1E8E4C}"
EndProject
Project("{9A19103F-16F7-4668-BE54-9A1E7A4F7556}") = "AutoHub.Domain", "AutoHub.Domain\AutoHub.Domain.csproj", "{66EE80BC-F226-435D-B35E-EA225A1E8E4C}"
EndProject
Project("{2150E333-8FDC-42A3-9474-1A3956D46DE8}") = "Solution Items", "Solution Items", "{253F40F1-053B-4212-B27E-54182928D15E}"
	ProjectSection(SolutionItems) = preProject
		.editorconfig = .editorconfig
	EndProjectSection
Project("{9A19103F-16F7-4668-BE54-9A1E7A4F7556}") = "AutoHub.BusinessLogic", "AutoHub.BusinessLogic\AutoHub.BusinessLogic.csproj", "{BDCDD86A-CA38-4D40-A727-7003001F3F22}"
EndProject
Project("{9A19103F-16F7-4668-BE54-9A1E7A4F7556}") = "AutoHub.DataAccess", "AutoHub.DataAccess\AutoHub.DataAccess.csproj", "{46B564BE-38F8-4550-8BE9-05C042CEA6DB}"
EndProject
Global
	GlobalSection(SolutionConfigurationPlatforms) = preSolution
		Debug|Any CPU = Debug|Any CPU
		Release|Any CPU = Release|Any CPU
	EndGlobalSection
	GlobalSection(ProjectConfigurationPlatforms) = postSolution
		{713919A6-4AB2-4DA3-9E0F-99FBF8710174}.Debug|Any CPU.ActiveCfg = Debug|Any CPU
		{713919A6-4AB2-4DA3-9E0F-99FBF8710174}.Debug|Any CPU.Build.0 = Debug|Any CPU
		{713919A6-4AB2-4DA3-9E0F-99FBF8710174}.Release|Any CPU.ActiveCfg = Release|Any CPU
		{713919A6-4AB2-4DA3-9E0F-99FBF8710174}.Release|Any CPU.Build.0 = Release|Any CPU
		{ADB87CF6-EDE2-4C66-A710-25DED6D0F290}.Debug|Any CPU.ActiveCfg = Debug|Any CPU
		{ADB87CF6-EDE2-4C66-A710-25DED6D0F290}.Debug|Any CPU.Build.0 = Debug|Any CPU
		{ADB87CF6-EDE2-4C66-A710-25DED6D0F290}.Release|Any CPU.ActiveCfg = Release|Any CPU
		{ADB87CF6-EDE2-4C66-A710-25DED6D0F290}.Release|Any CPU.Build.0 = Release|Any CPU
		{66EE80BC-F226-435D-B35E-EA225A1E8E4C}.Debug|Any CPU.ActiveCfg = Debug|Any CPU
		{66EE80BC-F226-435D-B35E-EA225A1E8E4C}.Debug|Any CPU.Build.0 = Debug|Any CPU
		{66EE80BC-F226-435D-B35E-EA225A1E8E4C}.Release|Any CPU.ActiveCfg = Release|Any CPU
		{66EE80BC-F226-435D-B35E-EA225A1E8E4C}.Release|Any CPU.Build.0 = Release|Any CPU
		{BDCDD86A-CA38-4D40-A727-7003001F3F22}.Debug|Any CPU.ActiveCfg = Debug|Any CPU
		{BDCDD86A-CA38-4D40-A727-7003001F3F22}.Debug|Any CPU.Build.0 = Debug|Any CPU
		{BDCDD86A-CA38-4D40-A727-7003001F3F22}.Release|Any CPU.ActiveCfg = Release|Any CPU
		{BDCDD86A-CA38-4D40-A727-7003001F3F22}.Release|Any CPU.Build.0 = Release|Any CPU
		{46B564BE-38F8-4550-8BE9-05C042CEA6DB}.Debug|Any CPU.ActiveCfg = Debug|Any CPU
		{46B564BE-38F8-4550-8BE9-05C042CEA6DB}.Debug|Any CPU.Build.0 = Debug|Any CPU
		{46B564BE-38F8-4550-8BE9-05C042CEA6DB}.Release|Any CPU.ActiveCfg = Release|Any CPU
		{46B564BE-38F8-4550-8BE9-05C042CEA6DB}.Release|Any CPU.Build.0 = Release|Any CPU
	EndGlobalSection
	GlobalSection(SolutionProperties) = preSolution
		HideSolutionNode = FALSE
	EndGlobalSection
	GlobalSection(ExtensibilityGlobals) = postSolution
		SolutionGuid = {815F6CC8-04C5-41FF-8534-27CA559E924D}
	EndGlobalSection
EndGlobal
